
Microsoft Visual Studio Solution File, Format Version 12.00
# Visual Studio Version 17
VisualStudioVersion = 17.12.35527.113
MinimumVisualStudioVersion = 10.0.40219.1
Project("{8BC9CEB8-8B4A-11D0-8D11-00A0C91BC942}") = "Pointer", "Pointer.vcxproj", "{651C3F08-56F2-4F3F-9E6E-CC0A9D3DBD96}"
EndProject
Project("{2150E333-8FDC-42A3-9474-1A3956D46DE8}") = "CH02", "CH02", "{B8B11C0B-0CAA-4ACF-9377-F6CEB1779470}"
EndProject
Project("{8BC9CEB8-8B4A-11D0-8D11-00A0C91BC942}") = "Ch02", "..\Ch02\Ch02.vcxproj", "{8D5D0624-8816-46CD-9D1A-7B6B0B1B8C9F}"
EndProject
Project("{2150E333-8FDC-42A3-9474-1A3956D46DE8}") = "Input", "Input", "{BC0FB95A-DAB3-4D15-A0D8-A734E0E1D0BD}"
EndProject
Project("{8BC9CEB8-8B4A-11D0-8D11-00A0C91BC942}") = "PlayerInput", "..\PlayerInput\PlayerInput.vcxproj", "{BE841E1F-E385-4224-A15B-30CFF57F6500}"
EndProject
Project("{2150E333-8FDC-42A3-9474-1A3956D46DE8}") = "CH03", "CH03", "{EC012938-8E42-4C01-83E8-58CA5CFAE541}"
EndProject
Project("{8BC9CEB8-8B4A-11D0-8D11-00A0C91BC942}") = "Ch03", "..\Ch03\Ch03.vcxproj", "{2F34B579-ADEA-4B31-98B0-BC75D2979CA8}"
EndProject
Project("{2150E333-8FDC-42A3-9474-1A3956D46DE8}") = "CH04", "CH04", "{87236742-459E-4AE9-B08A-FF7FB75E43F9}"
EndProject
Project("{8BC9CEB8-8B4A-11D0-8D11-00A0C91BC942}") = "Ch04", "..\Ch04\Ch04.vcxproj", "{1A424034-10C7-4D9D-ACAC-F1B735948075}"
EndProject
Project("{2150E333-8FDC-42A3-9474-1A3956D46DE8}") = "CH05", "CH05", "{378AADB8-E1AB-4215-90B0-779938F8175F}"
EndProject
Project("{8BC9CEB8-8B4A-11D0-8D11-00A0C91BC942}") = "Ch05", "..\Ch05\Ch05.vcxproj", "{2A2C7E03-EFF3-4366-A0E2-470CA1EDA111}"
EndProject
Project("{2150E333-8FDC-42A3-9474-1A3956D46DE8}") = "CH06", "CH06", "{859FA3BC-13A5-4DB6-8B92-BCF0A55F312C}"
EndProject
Project("{8BC9CEB8-8B4A-11D0-8D11-00A0C91BC942}") = "Ch06", "..\Ch06\Ch06.vcxproj", "{F5E79E21-324F-4AD3-A281-876947C70CCD}"
EndProject
Project("{2150E333-8FDC-42A3-9474-1A3956D46DE8}") = "CH07", "CH07", "{27238CED-8914-453A-9A80-EBFB2817A5AB}"
EndProject
Project("{8BC9CEB8-8B4A-11D0-8D11-00A0C91BC942}") = "Ch07", "..\Ch07\Ch07.vcxproj", "{6A8FB505-8F54-448B-BA19-D416A77B5B4C}"
EndProject
Project("{2150E333-8FDC-42A3-9474-1A3956D46DE8}") = "CH08", "CH08", "{50E27ACF-E29E-4E3F-B8DD-7BC73E729263}"
EndProject
Project("{8BC9CEB8-8B4A-11D0-8D11-00A0C91BC942}") = "Ch08", "..\Ch08\Ch08.vcxproj", "{1C4F193C-4413-42A9-B343-529E476FEDD6}"
EndProject
Project("{2150E333-8FDC-42A3-9474-1A3956D46DE8}") = "CH09", "CH09", "{9F019C98-89B5-4E13-B614-8A6D0FD81CCE}"
EndProject
Project("{8BC9CEB8-8B4A-11D0-8D11-00A0C91BC942}") = "Ch09", "..\Ch09\Ch09.vcxproj", "{E27685DE-56D1-44B5-914C-CEA7E4945ADD}"
EndProject
Project("{2150E333-8FDC-42A3-9474-1A3956D46DE8}") = "CH10", "CH10", "{6150593D-1C9A-4DB1-BEDE-459994476B27}"
EndProject
Project("{8BC9CEB8-8B4A-11D0-8D11-00A0C91BC942}") = "Ch10", "..\Ch10\Ch10.vcxproj", "{19E91F9F-0177-4498-A026-A88AD20BD298}"
EndProject
Project("{2150E333-8FDC-42A3-9474-1A3956D46DE8}") = "GameProject_02", "GameProject_02", "{F24477A5-99E4-4EC2-A42A-1A7DDA312FC1}"
EndProject
Project("{8BC9CEB8-8B4A-11D0-8D11-00A0C91BC942}") = "GameProject_02", "..\GameProject_02\GameProject_02.vcxproj", "{37EA3800-6070-4719-BCFF-02FA39D9A300}"
EndProject
Project("{2150E333-8FDC-42A3-9474-1A3956D46DE8}") = "CH11", "CH11", "{D1FD2437-538C-4876-B257-96884DC2EE8A}"
EndProject
Project("{8BC9CEB8-8B4A-11D0-8D11-00A0C91BC942}") = "Ch11", "..\Ch11\Ch11.vcxproj", "{44FF01AF-0AB8-4E37-8B6A-A17B0305E308}"
EndProject
Project("{2150E333-8FDC-42A3-9474-1A3956D46DE8}") = "CH12", "CH12", "{42462BAB-F643-4742-AE60-24839706355D}"
EndProject
Project("{8BC9CEB8-8B4A-11D0-8D11-00A0C91BC942}") = "Ch12", "..\Ch12\Ch12.vcxproj", "{C4F0B925-FCEB-4681-A3C3-6587EFB3CCFC}"
EndProject
Project("{2150E333-8FDC-42A3-9474-1A3956D46DE8}") = "CH13", "CH13", "{A02CF52F-0B21-4C94-8054-A36F80F4393A}"
EndProject
Project("{8BC9CEB8-8B4A-11D0-8D11-00A0C91BC942}") = "Ch13", "..\Ch13\Ch13.vcxproj", "{651F6FA5-3752-4CE4-B9AC-0ACE3BECD51E}"
EndProject
Global
	GlobalSection(SolutionConfigurationPlatforms) = preSolution
		Debug|x64 = Debug|x64
		Debug|x86 = Debug|x86
		Release|x64 = Release|x64
		Release|x86 = Release|x86
	EndGlobalSection
	GlobalSection(ProjectConfigurationPlatforms) = postSolution
		{651C3F08-56F2-4F3F-9E6E-CC0A9D3DBD96}.Debug|x64.ActiveCfg = Debug|x64
		{651C3F08-56F2-4F3F-9E6E-CC0A9D3DBD96}.Debug|x64.Build.0 = Debug|x64
		{651C3F08-56F2-4F3F-9E6E-CC0A9D3DBD96}.Debug|x86.ActiveCfg = Debug|Win32
		{651C3F08-56F2-4F3F-9E6E-CC0A9D3DBD96}.Debug|x86.Build.0 = Debug|Win32
		{651C3F08-56F2-4F3F-9E6E-CC0A9D3DBD96}.Release|x64.ActiveCfg = Release|x64
		{651C3F08-56F2-4F3F-9E6E-CC0A9D3DBD96}.Release|x64.Build.0 = Release|x64
		{651C3F08-56F2-4F3F-9E6E-CC0A9D3DBD96}.Release|x86.ActiveCfg = Release|Win32
		{651C3F08-56F2-4F3F-9E6E-CC0A9D3DBD96}.Release|x86.Build.0 = Release|Win32
		{8D5D0624-8816-46CD-9D1A-7B6B0B1B8C9F}.Debug|x64.ActiveCfg = Debug|x64
		{8D5D0624-8816-46CD-9D1A-7B6B0B1B8C9F}.Debug|x64.Build.0 = Debug|x64
		{8D5D0624-8816-46CD-9D1A-7B6B0B1B8C9F}.Debug|x86.ActiveCfg = Debug|Win32
		{8D5D0624-8816-46CD-9D1A-7B6B0B1B8C9F}.Debug|x86.Build.0 = Debug|Win32
		{8D5D0624-8816-46CD-9D1A-7B6B0B1B8C9F}.Release|x64.ActiveCfg = Release|x64
		{8D5D0624-8816-46CD-9D1A-7B6B0B1B8C9F}.Release|x64.Build.0 = Release|x64
		{8D5D0624-8816-46CD-9D1A-7B6B0B1B8C9F}.Release|x86.ActiveCfg = Release|Win32
		{8D5D0624-8816-46CD-9D1A-7B6B0B1B8C9F}.Release|x86.Build.0 = Release|Win32
		{BE841E1F-E385-4224-A15B-30CFF57F6500}.Debug|x64.ActiveCfg = Debug|x64
		{BE841E1F-E385-4224-A15B-30CFF57F6500}.Debug|x64.Build.0 = Debug|x64
		{BE841E1F-E385-4224-A15B-30CFF57F6500}.Debug|x86.ActiveCfg = Debug|Win32
		{BE841E1F-E385-4224-A15B-30CFF57F6500}.Debug|x86.Build.0 = Debug|Win32
		{BE841E1F-E385-4224-A15B-30CFF57F6500}.Release|x64.ActiveCfg = Release|x64
		{BE841E1F-E385-4224-A15B-30CFF57F6500}.Release|x64.Build.0 = Release|x64
		{BE841E1F-E385-4224-A15B-30CFF57F6500}.Release|x86.ActiveCfg = Release|Win32
		{BE841E1F-E385-4224-A15B-30CFF57F6500}.Release|x86.Build.0 = Release|Win32
		{2F34B579-ADEA-4B31-98B0-BC75D2979CA8}.Debug|x64.ActiveCfg = Debug|x64
		{2F34B579-ADEA-4B31-98B0-BC75D2979CA8}.Debug|x64.Build.0 = Debug|x64
		{2F34B579-ADEA-4B31-98B0-BC75D2979CA8}.Debug|x86.ActiveCfg = Debug|Win32
		{2F34B579-ADEA-4B31-98B0-BC75D2979CA8}.Debug|x86.Build.0 = Debug|Win32
		{2F34B579-ADEA-4B31-98B0-BC75D2979CA8}.Release|x64.ActiveCfg = Release|x64
		{2F34B579-ADEA-4B31-98B0-BC75D2979CA8}.Release|x64.Build.0 = Release|x64
		{2F34B579-ADEA-4B31-98B0-BC75D2979CA8}.Release|x86.ActiveCfg = Release|Win32
		{2F34B579-ADEA-4B31-98B0-BC75D2979CA8}.Release|x86.Build.0 = Release|Win32
		{1A424034-10C7-4D9D-ACAC-F1B735948075}.Debug|x64.ActiveCfg = Debug|x64
		{1A424034-10C7-4D9D-ACAC-F1B735948075}.Debug|x64.Build.0 = Debug|x64
		{1A424034-10C7-4D9D-ACAC-F1B735948075}.Debug|x86.ActiveCfg = Debug|Win32
		{1A424034-10C7-4D9D-ACAC-F1B735948075}.Debug|x86.Build.0 = Debug|Win32
		{1A424034-10C7-4D9D-ACAC-F1B735948075}.Release|x64.ActiveCfg = Release|x64
		{1A424034-10C7-4D9D-ACAC-F1B735948075}.Release|x64.Build.0 = Release|x64
		{1A424034-10C7-4D9D-ACAC-F1B735948075}.Release|x86.ActiveCfg = Release|Win32
		{1A424034-10C7-4D9D-ACAC-F1B735948075}.Release|x86.Build.0 = Release|Win32
		{2A2C7E03-EFF3-4366-A0E2-470CA1EDA111}.Debug|x64.ActiveCfg = Debug|x64
		{2A2C7E03-EFF3-4366-A0E2-470CA1EDA111}.Debug|x64.Build.0 = Debug|x64
		{2A2C7E03-EFF3-4366-A0E2-470CA1EDA111}.Debug|x86.ActiveCfg = Debug|Win32
		{2A2C7E03-EFF3-4366-A0E2-470CA1EDA111}.Debug|x86.Build.0 = Debug|Win32
		{2A2C7E03-EFF3-4366-A0E2-470CA1EDA111}.Release|x64.ActiveCfg = Release|x64
		{2A2C7E03-EFF3-4366-A0E2-470CA1EDA111}.Release|x64.Build.0 = Release|x64
		{2A2C7E03-EFF3-4366-A0E2-470CA1EDA111}.Release|x86.ActiveCfg = Release|Win32
		{2A2C7E03-EFF3-4366-A0E2-470CA1EDA111}.Release|x86.Build.0 = Release|Win32
		{F5E79E21-324F-4AD3-A281-876947C70CCD}.Debug|x64.ActiveCfg = Debug|x64
		{F5E79E21-324F-4AD3-A281-876947C70CCD}.Debug|x64.Build.0 = Debug|x64
		{F5E79E21-324F-4AD3-A281-876947C70CCD}.Debug|x86.ActiveCfg = Debug|Win32
		{F5E79E21-324F-4AD3-A281-876947C70CCD}.Debug|x86.Build.0 = Debug|Win32
		{F5E79E21-324F-4AD3-A281-876947C70CCD}.Release|x64.ActiveCfg = Release|x64
		{F5E79E21-324F-4AD3-A281-876947C70CCD}.Release|x64.Build.0 = Release|x64
		{F5E79E21-324F-4AD3-A281-876947C70CCD}.Release|x86.ActiveCfg = Release|Win32
		{F5E79E21-324F-4AD3-A281-876947C70CCD}.Release|x86.Build.0 = Release|Win32
		{6A8FB505-8F54-448B-BA19-D416A77B5B4C}.Debug|x64.ActiveCfg = Debug|x64
		{6A8FB505-8F54-448B-BA19-D416A77B5B4C}.Debug|x64.Build.0 = Debug|x64
		{6A8FB505-8F54-448B-BA19-D416A77B5B4C}.Debug|x86.ActiveCfg = Debug|Win32
		{6A8FB505-8F54-448B-BA19-D416A77B5B4C}.Debug|x86.Build.0 = Debug|Win32
		{6A8FB505-8F54-448B-BA19-D416A77B5B4C}.Release|x64.ActiveCfg = Release|x64
		{6A8FB505-8F54-448B-BA19-D416A77B5B4C}.Release|x64.Build.0 = Release|x64
		{6A8FB505-8F54-448B-BA19-D416A77B5B4C}.Release|x86.ActiveCfg = Release|Win32
		{6A8FB505-8F54-448B-BA19-D416A77B5B4C}.Release|x86.Build.0 = Release|Win32
		{1C4F193C-4413-42A9-B343-529E476FEDD6}.Debug|x64.ActiveCfg = Debug|x64
		{1C4F193C-4413-42A9-B343-529E476FEDD6}.Debug|x64.Build.0 = Debug|x64
		{1C4F193C-4413-42A9-B343-529E476FEDD6}.Debug|x86.ActiveCfg = Debug|Win32
		{1C4F193C-4413-42A9-B343-529E476FEDD6}.Debug|x86.Build.0 = Debug|Win32
		{1C4F193C-4413-42A9-B343-529E476FEDD6}.Release|x64.ActiveCfg = Release|x64
		{1C4F193C-4413-42A9-B343-529E476FEDD6}.Release|x64.Build.0 = Release|x64
		{1C4F193C-4413-42A9-B343-529E476FEDD6}.Release|x86.ActiveCfg = Release|Win32
		{1C4F193C-4413-42A9-B343-529E476FEDD6}.Release|x86.Build.0 = Release|Win32
		{E27685DE-56D1-44B5-914C-CEA7E4945ADD}.Debug|x64.ActiveCfg = Debug|x64
		{E27685DE-56D1-44B5-914C-CEA7E4945ADD}.Debug|x64.Build.0 = Debug|x64
		{E27685DE-56D1-44B5-914C-CEA7E4945ADD}.Debug|x86.ActiveCfg = Debug|Win32
		{E27685DE-56D1-44B5-914C-CEA7E4945ADD}.Debug|x86.Build.0 = Debug|Win32
		{E27685DE-56D1-44B5-914C-CEA7E4945ADD}.Release|x64.ActiveCfg = Release|x64
		{E27685DE-56D1-44B5-914C-CEA7E4945ADD}.Release|x64.Build.0 = Release|x64
		{E27685DE-56D1-44B5-914C-CEA7E4945ADD}.Release|x86.ActiveCfg = Release|Win32
		{E27685DE-56D1-44B5-914C-CEA7E4945ADD}.Release|x86.Build.0 = Release|Win32
		{19E91F9F-0177-4498-A026-A88AD20BD298}.Debug|x64.ActiveCfg = Debug|x64
		{19E91F9F-0177-4498-A026-A88AD20BD298}.Debug|x64.Build.0 = Debug|x64
		{19E91F9F-0177-4498-A026-A88AD20BD298}.Debug|x86.ActiveCfg = Debug|Win32
		{19E91F9F-0177-4498-A026-A88AD20BD298}.Debug|x86.Build.0 = Debug|Win32
		{19E91F9F-0177-4498-A026-A88AD20BD298}.Release|x64.ActiveCfg = Release|x64
		{19E91F9F-0177-4498-A026-A88AD20BD298}.Release|x64.Build.0 = Release|x64
		{19E91F9F-0177-4498-A026-A88AD20BD298}.Release|x86.ActiveCfg = Release|Win32
		{19E91F9F-0177-4498-A026-A88AD20BD298}.Release|x86.Build.0 = Release|Win32
		{37EA3800-6070-4719-BCFF-02FA39D9A300}.Debug|x64.ActiveCfg = Debug|x64
		{37EA3800-6070-4719-BCFF-02FA39D9A300}.Debug|x64.Build.0 = Debug|x64
		{37EA3800-6070-4719-BCFF-02FA39D9A300}.Debug|x86.ActiveCfg = Debug|Win32
		{37EA3800-6070-4719-BCFF-02FA39D9A300}.Debug|x86.Build.0 = Debug|Win32
		{37EA3800-6070-4719-BCFF-02FA39D9A300}.Release|x64.ActiveCfg = Release|x64
		{37EA3800-6070-4719-BCFF-02FA39D9A300}.Release|x64.Build.0 = Release|x64
		{37EA3800-6070-4719-BCFF-02FA39D9A300}.Release|x86.ActiveCfg = Release|Win32
		{37EA3800-6070-4719-BCFF-02FA39D9A300}.Release|x86.Build.0 = Release|Win32
		{44FF01AF-0AB8-4E37-8B6A-A17B0305E308}.Debug|x64.ActiveCfg = Debug|x64
		{44FF01AF-0AB8-4E37-8B6A-A17B0305E308}.Debug|x64.Build.0 = Debug|x64
		{44FF01AF-0AB8-4E37-8B6A-A17B0305E308}.Debug|x86.ActiveCfg = Debug|Win32
		{44FF01AF-0AB8-4E37-8B6A-A17B0305E308}.Debug|x86.Build.0 = Debug|Win32
		{44FF01AF-0AB8-4E37-8B6A-A17B0305E308}.Release|x64.ActiveCfg = Release|x64
		{44FF01AF-0AB8-4E37-8B6A-A17B0305E308}.Release|x64.Build.0 = Release|x64
		{44FF01AF-0AB8-4E37-8B6A-A17B0305E308}.Release|x86.ActiveCfg = Release|Win32
		{44FF01AF-0AB8-4E37-8B6A-A17B0305E308}.Release|x86.Build.0 = Release|Win32
		{C4F0B925-FCEB-4681-A3C3-6587EFB3CCFC}.Debug|x64.ActiveCfg = Debug|x64
		{C4F0B925-FCEB-4681-A3C3-6587EFB3CCFC}.Debug|x64.Build.0 = Debug|x64
		{C4F0B925-FCEB-4681-A3C3-6587EFB3CCFC}.Debug|x86.ActiveCfg = Debug|Win32
		{C4F0B925-FCEB-4681-A3C3-6587EFB3CCFC}.Debug|x86.Build.0 = Debug|Win32
		{C4F0B925-FCEB-4681-A3C3-6587EFB3CCFC}.Release|x64.ActiveCfg = Release|x64
		{C4F0B925-FCEB-4681-A3C3-6587EFB3CCFC}.Release|x64.Build.0 = Release|x64
		{C4F0B925-FCEB-4681-A3C3-6587EFB3CCFC}.Release|x86.ActiveCfg = Release|Win32
		{C4F0B925-FCEB-4681-A3C3-6587EFB3CCFC}.Release|x86.Build.0 = Release|Win32
		{651F6FA5-3752-4CE4-B9AC-0ACE3BECD51E}.Debug|x64.ActiveCfg = Debug|x64
		{651F6FA5-3752-4CE4-B9AC-0ACE3BECD51E}.Debug|x64.Build.0 = Debug|x64
		{651F6FA5-3752-4CE4-B9AC-0ACE3BECD51E}.Debug|x86.ActiveCfg = Debug|Win32
		{651F6FA5-3752-4CE4-B9AC-0ACE3BECD51E}.Debug|x86.Build.0 = Debug|Win32
		{651F6FA5-3752-4CE4-B9AC-0ACE3BECD51E}.Release|x64.ActiveCfg = Release|x64
		{651F6FA5-3752-4CE4-B9AC-0ACE3BECD51E}.Release|x64.Build.0 = Release|x64
		{651F6FA5-3752-4CE4-B9AC-0ACE3BECD51E}.Release|x86.ActiveCfg = Release|Win32
		{651F6FA5-3752-4CE4-B9AC-0ACE3BECD51E}.Release|x86.Build.0 = Release|Win32
	EndGlobalSection
	GlobalSection(SolutionProperties) = preSolution
		HideSolutionNode = FALSE
	EndGlobalSection
	GlobalSection(NestedProjects) = preSolution
		{8D5D0624-8816-46CD-9D1A-7B6B0B1B8C9F} = {B8B11C0B-0CAA-4ACF-9377-F6CEB1779470}
		{BE841E1F-E385-4224-A15B-30CFF57F6500} = {BC0FB95A-DAB3-4D15-A0D8-A734E0E1D0BD}
		{2F34B579-ADEA-4B31-98B0-BC75D2979CA8} = {EC012938-8E42-4C01-83E8-58CA5CFAE541}
		{1A424034-10C7-4D9D-ACAC-F1B735948075} = {87236742-459E-4AE9-B08A-FF7FB75E43F9}
		{2A2C7E03-EFF3-4366-A0E2-470CA1EDA111} = {378AADB8-E1AB-4215-90B0-779938F8175F}
		{F5E79E21-324F-4AD3-A281-876947C70CCD} = {859FA3BC-13A5-4DB6-8B92-BCF0A55F312C}
		{6A8FB505-8F54-448B-BA19-D416A77B5B4C} = {27238CED-8914-453A-9A80-EBFB2817A5AB}
		{1C4F193C-4413-42A9-B343-529E476FEDD6} = {50E27ACF-E29E-4E3F-B8DD-7BC73E729263}
		{E27685DE-56D1-44B5-914C-CEA7E4945ADD} = {9F019C98-89B5-4E13-B614-8A6D0FD81CCE}
		{19E91F9F-0177-4498-A026-A88AD20BD298} = {6150593D-1C9A-4DB1-BEDE-459994476B27}
		{37EA3800-6070-4719-BCFF-02FA39D9A300} = {F24477A5-99E4-4EC2-A42A-1A7DDA312FC1}
		{44FF01AF-0AB8-4E37-8B6A-A17B0305E308} = {D1FD2437-538C-4876-B257-96884DC2EE8A}
		{C4F0B925-FCEB-4681-A3C3-6587EFB3CCFC} = {42462BAB-F643-4742-AE60-24839706355D}
		{651F6FA5-3752-4CE4-B9AC-0ACE3BECD51E} = {A02CF52F-0B21-4C94-8054-A36F80F4393A}
	EndGlobalSection
EndGlobal
