
Microsoft Visual Studio Solution File, Format Version 12.00
# Visual Studio Version 17
VisualStudioVersion = 17.12.35527.113
MinimumVisualStudioVersion = 10.0.40219.1
Project("{8BC9CEB8-8B4A-11D0-8D11-00A0C91BC942}") = "Pointer", "Pointer.vcxproj", "{651C3F08-56F2-4F3F-9E6E-CC0A9D3DBD96}"
EndProject
Project("{2150E333-8FDC-42A3-9474-1A3956D46DE8}") = "CH02", "CH02", "{B8B11C0B-0CAA-4ACF-9377-F6CEB1779470}"
EndProject
Project("{8BC9CEB8-8B4A-11D0-8D11-00A0C91BC942}") = "Ch02", "..\Ch02\Ch02.vcxproj", "{8D5D0624-8816-46CD-9D1A-7B6B0B1B8C9F}"
EndProject
Project("{2150E333-8FDC-42A3-9474-1A3956D46DE8}") = "Input", "Input", "{BC0FB95A-DAB3-4D15-A0D8-A734E0E1D0BD}"
EndProject
Project("{8BC9CEB8-8B4A-11D0-8D11-00A0C91BC942}") = "PlayerInput", "..\PlayerInput\PlayerInput.vcxproj", "{BE841E1F-E385-4224-A15B-30CFF57F6500}"
EndProject
Project("{2150E333-8FDC-42A3-9474-1A3956D46DE8}") = "CH03", "CH03", "{EC012938-8E42-4C01-83E8-58CA5CFAE541}"
EndProject
Project("{8BC9CEB8-8B4A-11D0-8D11-00A0C91BC942}") = "Ch03", "..\Ch03\Ch03.vcxproj", "{2F34B579-ADEA-4B31-98B0-BC75D2979CA8}"
EndProject
Project("{2150E333-8FDC-42A3-9474-1A3956D46DE8}") = "CH04", "CH04", "{87236742-459E-4AE9-B08A-FF7FB75E43F9}"
EndProject
Project("{8BC9CEB8-8B4A-11D0-8D11-00A0C91BC942}") = "Ch04", "..\Ch04\Ch04.vcxproj", "{1A424034-10C7-4D9D-ACAC-F1B735948075}"
EndProject
Project("{2150E333-8FDC-42A3-9474-1A3956D46DE8}") = "CH05", "CH05", "{378AADB8-E1AB-4215-90B0-779938F8175F}"
EndProject
Project("{8BC9CEB8-8B4A-11D0-8D11-00A0C91BC942}") = "Ch05", "..\Ch05\Ch05.vcxproj", "{2A2C7E03-EFF3-4366-A0E2-470CA1EDA111}"
EndProject
Project("{2150E333-8FDC-42A3-9474-1A3956D46DE8}") = "CH06", "CH06", "{859FA3BC-13A5-4DB6-8B92-BCF0A55F312C}"
EndProject
Project("{8BC9CEB8-8B4A-11D0-8D11-00A0C91BC942}") = "Ch06", "..\Ch06\Ch06.vcxproj", "{F5E79E21-324F-4AD3-A281-876947C70CCD}"
EndProject
Global
	GlobalSection(SolutionConfigurationPlatforms) = preSolution
		Debug|x64 = Debug|x64
		Debug|x86 = Debug|x86
		Release|x64 = Release|x64
		Release|x86 = Release|x86
	EndGlobalSection
	GlobalSection(ProjectConfigurationPlatforms) = postSolution
		{651C3F08-56F2-4F3F-9E6E-CC0A9D3DBD96}.Debug|x64.ActiveCfg = Debug|x64
		{651C3F08-56F2-4F3F-9E6E-CC0A9D3DBD96}.Debug|x64.Build.0 = Debug|x64
		{651C3F08-56F2-4F3F-9E6E-CC0A9D3DBD96}.Debug|x86.ActiveCfg = Debug|Win32
		{651C3F08-56F2-4F3F-9E6E-CC0A9D3DBD96}.Debug|x86.Build.0 = Debug|Win32
		{651C3F08-56F2-4F3F-9E6E-CC0A9D3DBD96}.Release|x64.ActiveCfg = Release|x64
		{651C3F08-56F2-4F3F-9E6E-CC0A9D3DBD96}.Release|x64.Build.0 = Release|x64
		{651C3F08-56F2-4F3F-9E6E-CC0A9D3DBD96}.Release|x86.ActiveCfg = Release|Win32
		{651C3F08-56F2-4F3F-9E6E-CC0A9D3DBD96}.Release|x86.Build.0 = Release|Win32
		{8D5D0624-8816-46CD-9D1A-7B6B0B1B8C9F}.Debug|x64.ActiveCfg = Debug|x64
		{8D5D0624-8816-46CD-9D1A-7B6B0B1B8C9F}.Debug|x64.Build.0 = Debug|x64
		{8D5D0624-8816-46CD-9D1A-7B6B0B1B8C9F}.Debug|x86.ActiveCfg = Debug|Win32
		{8D5D0624-8816-46CD-9D1A-7B6B0B1B8C9F}.Debug|x86.Build.0 = Debug|Win32
		{8D5D0624-8816-46CD-9D1A-7B6B0B1B8C9F}.Release|x64.ActiveCfg = Release|x64
		{8D5D0624-8816-46CD-9D1A-7B6B0B1B8C9F}.Release|x64.Build.0 = Release|x64
		{8D5D0624-8816-46CD-9D1A-7B6B0B1B8C9F}.Release|x86.ActiveCfg = Release|Win32
		{8D5D0624-8816-46CD-9D1A-7B6B0B1B8C9F}.Release|x86.Build.0 = Release|Win32
		{BE841E1F-E385-4224-A15B-30CFF57F6500}.Debug|x64.ActiveCfg = Debug|x64
		{BE841E1F-E385-4224-A15B-30CFF57F6500}.Debug|x64.Build.0 = Debug|x64
		{BE841E1F-E385-4224-A15B-30CFF57F6500}.Debug|x86.ActiveCfg = Debug|Win32
		{BE841E1F-E385-4224-A15B-30CFF57F6500}.Debug|x86.Build.0 = Debug|Win32
		{BE841E1F-E385-4224-A15B-30CFF57F6500}.Release|x64.ActiveCfg = Release|x64
		{BE841E1F-E385-4224-A15B-30CFF57F6500}.Release|x64.Build.0 = Release|x64
		{BE841E1F-E385-4224-A15B-30CFF57F6500}.Release|x86.ActiveCfg = Release|Win32
		{BE841E1F-E385-4224-A15B-30CFF57F6500}.Release|x86.Build.0 = Release|Win32
		{2F34B579-ADEA-4B31-98B0-BC75D2979CA8}.Debug|x64.ActiveCfg = Debug|x64
		{2F34B579-ADEA-4B31-98B0-BC75D2979CA8}.Debug|x64.Build.0 = Debug|x64
		{2F34B579-ADEA-4B31-98B0-BC75D2979CA8}.Debug|x86.ActiveCfg = Debug|Win32
		{2F34B579-ADEA-4B31-98B0-BC75D2979CA8}.Debug|x86.Build.0 = Debug|Win32
		{2F34B579-ADEA-4B31-98B0-BC75D2979CA8}.Release|x64.ActiveCfg = Release|x64
		{2F34B579-ADEA-4B31-98B0-BC75D2979CA8}.Release|x64.Build.0 = Release|x64
		{2F34B579-ADEA-4B31-98B0-BC75D2979CA8}.Release|x86.ActiveCfg = Release|Win32
		{2F34B579-ADEA-4B31-98B0-BC75D2979CA8}.Release|x86.Build.0 = Release|Win32
		{1A424034-10C7-4D9D-ACAC-F1B735948075}.Debug|x64.ActiveCfg = Debug|x64
		{1A424034-10C7-4D9D-ACAC-F1B735948075}.Debug|x64.Build.0 = Debug|x64
		{1A424034-10C7-4D9D-ACAC-F1B735948075}.Debug|x86.ActiveCfg = Debug|Win32
		{1A424034-10C7-4D9D-ACAC-F1B735948075}.Debug|x86.Build.0 = Debug|Win32
		{1A424034-10C7-4D9D-ACAC-F1B735948075}.Release|x64.ActiveCfg = Release|x64
		{1A424034-10C7-4D9D-ACAC-F1B735948075}.Release|x64.Build.0 = Release|x64
		{1A424034-10C7-4D9D-ACAC-F1B735948075}.Release|x86.ActiveCfg = Release|Win32
		{1A424034-10C7-4D9D-ACAC-F1B735948075}.Release|x86.Build.0 = Release|Win32
		{2A2C7E03-EFF3-4366-A0E2-470CA1EDA111}.Debug|x64.ActiveCfg = Debug|x64
		{2A2C7E03-EFF3-4366-A0E2-470CA1EDA111}.Debug|x64.Build.0 = Debug|x64
		{2A2C7E03-EFF3-4366-A0E2-470CA1EDA111}.Debug|x86.ActiveCfg = Debug|Win32
		{2A2C7E03-EFF3-4366-A0E2-470CA1EDA111}.Debug|x86.Build.0 = Debug|Win32
		{2A2C7E03-EFF3-4366-A0E2-470CA1EDA111}.Release|x64.ActiveCfg = Release|x64
		{2A2C7E03-EFF3-4366-A0E2-470CA1EDA111}.Release|x64.Build.0 = Release|x64
		{2A2C7E03-EFF3-4366-A0E2-470CA1EDA111}.Release|x86.ActiveCfg = Release|Win32
		{2A2C7E03-EFF3-4366-A0E2-470CA1EDA111}.Release|x86.Build.0 = Release|Win32
		{F5E79E21-324F-4AD3-A281-876947C70CCD}.Debug|x64.ActiveCfg = Debug|x64
		{F5E79E21-324F-4AD3-A281-876947C70CCD}.Debug|x64.Build.0 = Debug|x64
		{F5E79E21-324F-4AD3-A281-876947C70CCD}.Debug|x86.ActiveCfg = Debug|Win32
		{F5E79E21-324F-4AD3-A281-876947C70CCD}.Debug|x86.Build.0 = Debug|Win32
		{F5E79E21-324F-4AD3-A281-876947C70CCD}.Release|x64.ActiveCfg = Release|x64
		{F5E79E21-324F-4AD3-A281-876947C70CCD}.Release|x64.Build.0 = Release|x64
		{F5E79E21-324F-4AD3-A281-876947C70CCD}.Release|x86.ActiveCfg = Release|Win32
		{F5E79E21-324F-4AD3-A281-876947C70CCD}.Release|x86.Build.0 = Release|Win32
	EndGlobalSection
	GlobalSection(SolutionProperties) = preSolution
		HideSolutionNode = FALSE
	EndGlobalSection
	GlobalSection(NestedProjects) = preSolution
		{8D5D0624-8816-46CD-9D1A-7B6B0B1B8C9F} = {B8B11C0B-0CAA-4ACF-9377-F6CEB1779470}
		{BE841E1F-E385-4224-A15B-30CFF57F6500} = {BC0FB95A-DAB3-4D15-A0D8-A734E0E1D0BD}
		{2F34B579-ADEA-4B31-98B0-BC75D2979CA8} = {EC012938-8E42-4C01-83E8-58CA5CFAE541}
		{1A424034-10C7-4D9D-ACAC-F1B735948075} = {87236742-459E-4AE9-B08A-FF7FB75E43F9}
		{2A2C7E03-EFF3-4366-A0E2-470CA1EDA111} = {378AADB8-E1AB-4215-90B0-779938F8175F}
		{F5E79E21-324F-4AD3-A281-876947C70CCD} = {859FA3BC-13A5-4DB6-8B92-BCF0A55F312C}
	EndGlobalSection
EndGlobal
